// !$*UTF8*$!
{
	archiveVersion = 1;
	classes = {
	};
	objectVersion = 56;
	objects = {

/* Begin PBXBuildFile section */
		17255D1C2D5B62D8004ED870 /* GoogleService-Info.plist in Resources */ = {isa = PBXBuildFile; fileRef = 17255D1B2D5B62D8004ED870 /* GoogleService-Info.plist */; };
		17255D1F2D5B6446004ED870 /* FirebaseAuth in Frameworks */ = {isa = PBXBuildFile; productRef = 17255D1E2D5B6446004ED870 /* FirebaseAuth */; };
		17255D212D5B6446004ED870 /* FirebaseFirestore in Frameworks */ = {isa = PBXBuildFile; productRef = 17255D202D5B6446004ED870 /* FirebaseFirestore */; };
		17255D232D5B6446004ED870 /* FirebaseStorage in Frameworks */ = {isa = PBXBuildFile; productRef = 17255D222D5B6446004ED870 /* FirebaseStorage */; };
		17255D252D5B6673004ED870 /* AuthViewModel.swift in Sources */ = {isa = PBXBuildFile; fileRef = 17255D242D5B6672004ED870 /* AuthViewModel.swift */; };
		17255D272D5B6690004ED870 /* User.swift in Sources */ = {isa = PBXBuildFile; fileRef = 17255D262D5B6690004ED870 /* User.swift */; };
		17255D292D5B817C004ED870 /* ProfileView.swift in Sources */ = {isa = PBXBuildFile; fileRef = 17255D282D5B817C004ED870 /* ProfileView.swift */; };
		17A141942D5A9EE80074DAE5 /* InputView.swift in Sources */ = {isa = PBXBuildFile; fileRef = 17A141932D5A9EE80074DAE5 /* InputView.swift */; };
		17A82F652D5A889900375A87 /* FirebaseAuthAppApp.swift in Sources */ = {isa = PBXBuildFile; fileRef = 17A82F642D5A889900375A87 /* FirebaseAuthAppApp.swift */; };
		17A82F672D5A889900375A87 /* ContentView.swift in Sources */ = {isa = PBXBuildFile; fileRef = 17A82F662D5A889900375A87 /* ContentView.swift */; };
		17A82F692D5A889B00375A87 /* Assets.xcassets in Resources */ = {isa = PBXBuildFile; fileRef = 17A82F682D5A889B00375A87 /* Assets.xcassets */; };
		17A82F6C2D5A889B00375A87 /* Preview Assets.xcassets in Resources */ = {isa = PBXBuildFile; fileRef = 17A82F6B2D5A889B00375A87 /* Preview Assets.xcassets */; };
		17A82F762D5A889B00375A87 /* FirebaseAuthAppTests.swift in Sources */ = {isa = PBXBuildFile; fileRef = 17A82F752D5A889B00375A87 /* FirebaseAuthAppTests.swift */; };
		17A82F802D5A889B00375A87 /* FirebaseAuthAppUITests.swift in Sources */ = {isa = PBXBuildFile; fileRef = 17A82F7F2D5A889B00375A87 /* FirebaseAuthAppUITests.swift */; };
		17A82F822D5A889B00375A87 /* FirebaseAuthAppUITestsLaunchTests.swift in Sources */ = {isa = PBXBuildFile; fileRef = 17A82F812D5A889B00375A87 /* FirebaseAuthAppUITestsLaunchTests.swift */; };
		17A82F982D5A992600375A87 /* LoginAssets.xcassets in Resources */ = {isa = PBXBuildFile; fileRef = 17A82F972D5A992600375A87 /* LoginAssets.xcassets */; };
		17A82F9A2D5A999800375A87 /* LoginView.swift in Sources */ = {isa = PBXBuildFile; fileRef = 17A82F992D5A999800375A87 /* LoginView.swift */; };
		17DCA09A2D5B425D00834B6B /* CapsuleButtonStyle.swift in Sources */ = {isa = PBXBuildFile; fileRef = 17DCA0992D5B425D00834B6B /* CapsuleButtonStyle.swift */; };
		17DCA09C2D5B4D8D00834B6B /* SignUpView.swift in Sources */ = {isa = PBXBuildFile; fileRef = 17DCA09B2D5B4D8D00834B6B /* SignUpView.swift */; };
/* End PBXBuildFile section */

/* Begin PBXContainerItemProxy section */
		17A82F722D5A889B00375A87 /* PBXContainerItemProxy */ = {
			isa = PBXContainerItemProxy;
			containerPortal = 17A82F592D5A889900375A87 /* Project object */;
			proxyType = 1;
			remoteGlobalIDString = 17A82F602D5A889900375A87;
			remoteInfo = FirebaseAuthApp;
		};
		17A82F7C2D5A889B00375A87 /* PBXContainerItemProxy */ = {
			isa = PBXContainerItemProxy;
			containerPortal = 17A82F592D5A889900375A87 /* Project object */;
			proxyType = 1;
			remoteGlobalIDString = 17A82F602D5A889900375A87;
			remoteInfo = FirebaseAuthApp;
		};
/* End PBXContainerItemProxy section */

/* Begin PBXFileReference section */
		17255D1B2D5B62D8004ED870 /* GoogleService-Info.plist */ = {isa = PBXFileReference; fileEncoding = 4; lastKnownFileType = text.plist.xml; path = "GoogleService-Info.plist"; sourceTree = "<group>"; };
		17255D242D5B6672004ED870 /* AuthViewModel.swift */ = {isa = PBXFileReference; lastKnownFileType = sourcecode.swift; path = AuthViewModel.swift; sourceTree = "<group>"; };
		17255D262D5B6690004ED870 /* User.swift */ = {isa = PBXFileReference; lastKnownFileType = sourcecode.swift; path = User.swift; sourceTree = "<group>"; };
		17255D282D5B817C004ED870 /* ProfileView.swift */ = {isa = PBXFileReference; lastKnownFileType = sourcecode.swift; path = ProfileView.swift; sourceTree = "<group>"; };
		17A141932D5A9EE80074DAE5 /* InputView.swift */ = {isa = PBXFileReference; lastKnownFileType = sourcecode.swift; path = InputView.swift; sourceTree = "<group>"; };
		17A82F612D5A889900375A87 /* FirebaseAuthApp.app */ = {isa = PBXFileReference; explicitFileType = wrapper.application; includeInIndex = 0; path = FirebaseAuthApp.app; sourceTree = BUILT_PRODUCTS_DIR; };
		17A82F642D5A889900375A87 /* FirebaseAuthAppApp.swift */ = {isa = PBXFileReference; lastKnownFileType = sourcecode.swift; path = FirebaseAuthAppApp.swift; sourceTree = "<group>"; };
		17A82F662D5A889900375A87 /* ContentView.swift */ = {isa = PBXFileReference; lastKnownFileType = sourcecode.swift; path = ContentView.swift; sourceTree = "<group>"; };
		17A82F682D5A889B00375A87 /* Assets.xcassets */ = {isa = PBXFileReference; lastKnownFileType = folder.assetcatalog; path = Assets.xcassets; sourceTree = "<group>"; };
		17A82F6B2D5A889B00375A87 /* Preview Assets.xcassets */ = {isa = PBXFileReference; lastKnownFileType = folder.assetcatalog; path = "Preview Assets.xcassets"; sourceTree = "<group>"; };
		17A82F712D5A889B00375A87 /* FirebaseAuthAppTests.xctest */ = {isa = PBXFileReference; explicitFileType = wrapper.cfbundle; includeInIndex = 0; path = FirebaseAuthAppTests.xctest; sourceTree = BUILT_PRODUCTS_DIR; };
		17A82F752D5A889B00375A87 /* FirebaseAuthAppTests.swift */ = {isa = PBXFileReference; lastKnownFileType = sourcecode.swift; path = FirebaseAuthAppTests.swift; sourceTree = "<group>"; };
		17A82F7B2D5A889B00375A87 /* FirebaseAuthAppUITests.xctest */ = {isa = PBXFileReference; explicitFileType = wrapper.cfbundle; includeInIndex = 0; path = FirebaseAuthAppUITests.xctest; sourceTree = BUILT_PRODUCTS_DIR; };
		17A82F7F2D5A889B00375A87 /* FirebaseAuthAppUITests.swift */ = {isa = PBXFileReference; lastKnownFileType = sourcecode.swift; path = FirebaseAuthAppUITests.swift; sourceTree = "<group>"; };
		17A82F812D5A889B00375A87 /* FirebaseAuthAppUITestsLaunchTests.swift */ = {isa = PBXFileReference; lastKnownFileType = sourcecode.swift; path = FirebaseAuthAppUITestsLaunchTests.swift; sourceTree = "<group>"; };
		17A82F972D5A992600375A87 /* LoginAssets.xcassets */ = {isa = PBXFileReference; lastKnownFileType = folder.assetcatalog; path = LoginAssets.xcassets; sourceTree = "<group>"; };
		17A82F992D5A999800375A87 /* LoginView.swift */ = {isa = PBXFileReference; lastKnownFileType = sourcecode.swift; path = LoginView.swift; sourceTree = "<group>"; };
		17DCA0992D5B425D00834B6B /* CapsuleButtonStyle.swift */ = {isa = PBXFileReference; lastKnownFileType = sourcecode.swift; path = CapsuleButtonStyle.swift; sourceTree = "<group>"; };
		17DCA09B2D5B4D8D00834B6B /* SignUpView.swift */ = {isa = PBXFileReference; lastKnownFileType = sourcecode.swift; path = SignUpView.swift; sourceTree = "<group>"; };
/* End PBXFileReference section */

/* Begin PBXFrameworksBuildPhase section */
		17A82F5E2D5A889900375A87 /* Frameworks */ = {
			isa = PBXFrameworksBuildPhase;
			buildActionMask = 2147483647;
			files = (
				17255D1F2D5B6446004ED870 /* FirebaseAuth in Frameworks */,
				17255D212D5B6446004ED870 /* FirebaseFirestore in Frameworks */,
				17255D232D5B6446004ED870 /* FirebaseStorage in Frameworks */,
			);
			runOnlyForDeploymentPostprocessing = 0;
		};
		17A82F6E2D5A889B00375A87 /* Frameworks */ = {
			isa = PBXFrameworksBuildPhase;
			buildActionMask = 2147483647;
			files = (
			);
			runOnlyForDeploymentPostprocessing = 0;
		};
		17A82F782D5A889B00375A87 /* Frameworks */ = {
			isa = PBXFrameworksBuildPhase;
			buildActionMask = 2147483647;
			files = (
			);
			runOnlyForDeploymentPostprocessing = 0;
		};
/* End PBXFrameworksBuildPhase section */

/* Begin PBXGroup section */
		17A82F582D5A889900375A87 = {
			isa = PBXGroup;
			children = (
				17A82F632D5A889900375A87 /* FirebaseAuthApp */,
				17A82F742D5A889B00375A87 /* FirebaseAuthAppTests */,
				17A82F7E2D5A889B00375A87 /* FirebaseAuthAppUITests */,
				17A82F622D5A889900375A87 /* Products */,
			);
			sourceTree = "<group>";
		};
		17A82F622D5A889900375A87 /* Products */ = {
			isa = PBXGroup;
			children = (
				17A82F612D5A889900375A87 /* FirebaseAuthApp.app */,
				17A82F712D5A889B00375A87 /* FirebaseAuthAppTests.xctest */,
				17A82F7B2D5A889B00375A87 /* FirebaseAuthAppUITests.xctest */,
			);
			name = Products;
			sourceTree = "<group>";
		};
		17A82F632D5A889900375A87 /* FirebaseAuthApp */ = {
			isa = PBXGroup;
			children = (
				17A82F8E2D5A980600375A87 /* Main */,
				17A82F6A2D5A889B00375A87 /* Preview Content */,
				17A82F902D5A982900375A87 /* Resources */,
				17A82F912D5A987000375A87 /* Screens */,
			);
			path = FirebaseAuthApp;
			sourceTree = "<group>";
		};
		17A82F6A2D5A889B00375A87 /* Preview Content */ = {
			isa = PBXGroup;
			children = (
				17A82F6B2D5A889B00375A87 /* Preview Assets.xcassets */,
			);
			path = "Preview Content";
			sourceTree = "<group>";
		};
		17A82F742D5A889B00375A87 /* FirebaseAuthAppTests */ = {
			isa = PBXGroup;
			children = (
				17A82F752D5A889B00375A87 /* FirebaseAuthAppTests.swift */,
			);
			path = FirebaseAuthAppTests;
			sourceTree = "<group>";
		};
		17A82F7E2D5A889B00375A87 /* FirebaseAuthAppUITests */ = {
			isa = PBXGroup;
			children = (
				17A82F7F2D5A889B00375A87 /* FirebaseAuthAppUITests.swift */,
				17A82F812D5A889B00375A87 /* FirebaseAuthAppUITestsLaunchTests.swift */,
			);
			path = FirebaseAuthAppUITests;
			sourceTree = "<group>";
		};
		17A82F8E2D5A980600375A87 /* Main */ = {
			isa = PBXGroup;
			children = (
				17A82F8F2D5A982000375A87 /* Views */,
			);
			path = Main;
			sourceTree = "<group>";
		};
		17A82F8F2D5A982000375A87 /* Views */ = {
			isa = PBXGroup;
			children = (
				17A82F642D5A889900375A87 /* FirebaseAuthAppApp.swift */,
				17A82F662D5A889900375A87 /* ContentView.swift */,
			);
			path = Views;
			sourceTree = "<group>";
		};
		17A82F902D5A982900375A87 /* Resources */ = {
			isa = PBXGroup;
			children = (
				17255D1B2D5B62D8004ED870 /* GoogleService-Info.plist */,
				17A82F682D5A889B00375A87 /* Assets.xcassets */,
			);
			path = Resources;
			sourceTree = "<group>";
		};
		17A82F912D5A987000375A87 /* Screens */ = {
			isa = PBXGroup;
			children = (
				17A82F922D5A987E00375A87 /* Auth */,
			);
			path = Screens;
			sourceTree = "<group>";
		};
		17A82F922D5A987E00375A87 /* Auth */ = {
			isa = PBXGroup;
			children = (
				17A82F962D5A98A100375A87 /* Resources */,
				17A82F952D5A989500375A87 /* Models */,
				17A82F942D5A988B00375A87 /* ViewModels */,
				17A82F932D5A988300375A87 /* Views */,
			);
			path = Auth;
			sourceTree = "<group>";
		};
		17A82F932D5A988300375A87 /* Views */ = {
			isa = PBXGroup;
			children = (
				17DCA0982D5B423F00834B6B /* Styles */,
				17A82F992D5A999800375A87 /* LoginView.swift */,
				17A141932D5A9EE80074DAE5 /* InputView.swift */,
				17DCA09B2D5B4D8D00834B6B /* SignUpView.swift */,
				17255D282D5B817C004ED870 /* ProfileView.swift */,
			);
			path = Views;
			sourceTree = "<group>";
		};
		17A82F942D5A988B00375A87 /* ViewModels */ = {
			isa = PBXGroup;
			children = (
				17255D242D5B6672004ED870 /* AuthViewModel.swift */,
			);
			path = ViewModels;
			sourceTree = "<group>";
		};
		17A82F952D5A989500375A87 /* Models */ = {
			isa = PBXGroup;
			children = (
				17255D262D5B6690004ED870 /* User.swift */,
			);
			path = Models;
			sourceTree = "<group>";
		};
		17A82F962D5A98A100375A87 /* Resources */ = {
			isa = PBXGroup;
			children = (
				17A82F972D5A992600375A87 /* LoginAssets.xcassets */,
			);
			path = Resources;
			sourceTree = "<group>";
		};
		17DCA0982D5B423F00834B6B /* Styles */ = {
			isa = PBXGroup;
			children = (
				17DCA0992D5B425D00834B6B /* CapsuleButtonStyle.swift */,
			);
			path = Styles;
			sourceTree = "<group>";
		};
/* End PBXGroup section */

/* Begin PBXNativeTarget section */
		17A82F602D5A889900375A87 /* FirebaseAuthApp */ = {
			isa = PBXNativeTarget;
			buildConfigurationList = 17A82F852D5A889B00375A87 /* Build configuration list for PBXNativeTarget "FirebaseAuthApp" */;
			buildPhases = (
				17A82F5D2D5A889900375A87 /* Sources */,
				17A82F5E2D5A889900375A87 /* Frameworks */,
				17A82F5F2D5A889900375A87 /* Resources */,
			);
			buildRules = (
			);
			dependencies = (
			);
			name = FirebaseAuthApp;
			packageProductDependencies = (
				17255D1E2D5B6446004ED870 /* FirebaseAuth */,
				17255D202D5B6446004ED870 /* FirebaseFirestore */,
				17255D222D5B6446004ED870 /* FirebaseStorage */,
			);
			productName = FirebaseAuthApp;
			productReference = 17A82F612D5A889900375A87 /* FirebaseAuthApp.app */;
			productType = "com.apple.product-type.application";
		};
		17A82F702D5A889B00375A87 /* FirebaseAuthAppTests */ = {
			isa = PBXNativeTarget;
			buildConfigurationList = 17A82F882D5A889B00375A87 /* Build configuration list for PBXNativeTarget "FirebaseAuthAppTests" */;
			buildPhases = (
				17A82F6D2D5A889B00375A87 /* Sources */,
				17A82F6E2D5A889B00375A87 /* Frameworks */,
				17A82F6F2D5A889B00375A87 /* Resources */,
			);
			buildRules = (
			);
			dependencies = (
				17A82F732D5A889B00375A87 /* PBXTargetDependency */,
			);
			name = FirebaseAuthAppTests;
			productName = FirebaseAuthAppTests;
			productReference = 17A82F712D5A889B00375A87 /* FirebaseAuthAppTests.xctest */;
			productType = "com.apple.product-type.bundle.unit-test";
		};
		17A82F7A2D5A889B00375A87 /* FirebaseAuthAppUITests */ = {
			isa = PBXNativeTarget;
			buildConfigurationList = 17A82F8B2D5A889B00375A87 /* Build configuration list for PBXNativeTarget "FirebaseAuthAppUITests" */;
			buildPhases = (
				17A82F772D5A889B00375A87 /* Sources */,
				17A82F782D5A889B00375A87 /* Frameworks */,
				17A82F792D5A889B00375A87 /* Resources */,
			);
			buildRules = (
			);
			dependencies = (
				17A82F7D2D5A889B00375A87 /* PBXTargetDependency */,
			);
			name = FirebaseAuthAppUITests;
			productName = FirebaseAuthAppUITests;
			productReference = 17A82F7B2D5A889B00375A87 /* FirebaseAuthAppUITests.xctest */;
			productType = "com.apple.product-type.bundle.ui-testing";
		};
/* End PBXNativeTarget section */

/* Begin PBXProject section */
		17A82F592D5A889900375A87 /* Project object */ = {
			isa = PBXProject;
			attributes = {
				BuildIndependentTargetsInParallel = 1;
				LastSwiftUpdateCheck = 1520;
				LastUpgradeCheck = 1520;
				TargetAttributes = {
					17A82F602D5A889900375A87 = {
						CreatedOnToolsVersion = 15.2;
					};
					17A82F702D5A889B00375A87 = {
						CreatedOnToolsVersion = 15.2;
						TestTargetID = 17A82F602D5A889900375A87;
					};
					17A82F7A2D5A889B00375A87 = {
						CreatedOnToolsVersion = 15.2;
						TestTargetID = 17A82F602D5A889900375A87;
					};
				};
			};
			buildConfigurationList = 17A82F5C2D5A889900375A87 /* Build configuration list for PBXProject "FirebaseAuthApp" */;
			compatibilityVersion = "Xcode 14.0";
			developmentRegion = en;
			hasScannedForEncodings = 0;
			knownRegions = (
				en,
				Base,
			);
			mainGroup = 17A82F582D5A889900375A87;
			packageReferences = (
				17255D1D2D5B6446004ED870 /* XCRemoteSwiftPackageReference "firebase-ios-sdk" */,
			);
			productRefGroup = 17A82F622D5A889900375A87 /* Products */;
			projectDirPath = "";
			projectRoot = "";
			targets = (
				17A82F602D5A889900375A87 /* FirebaseAuthApp */,
				17A82F702D5A889B00375A87 /* FirebaseAuthAppTests */,
				17A82F7A2D5A889B00375A87 /* FirebaseAuthAppUITests */,
			);
		};
/* End PBXProject section */

/* Begin PBXResourcesBuildPhase section */
		17A82F5F2D5A889900375A87 /* Resources */ = {
			isa = PBXResourcesBuildPhase;
			buildActionMask = 2147483647;
			files = (
				17A82F6C2D5A889B00375A87 /* Preview Assets.xcassets in Resources */,
				17255D1C2D5B62D8004ED870 /* GoogleService-Info.plist in Resources */,
				17A82F982D5A992600375A87 /* LoginAssets.xcassets in Resources */,
				17A82F692D5A889B00375A87 /* Assets.xcassets in Resources */,
			);
			runOnlyForDeploymentPostprocessing = 0;
		};
		17A82F6F2D5A889B00375A87 /* Resources */ = {
			isa = PBXResourcesBuildPhase;
			buildActionMask = 2147483647;
			files = (
			);
			runOnlyForDeploymentPostprocessing = 0;
		};
		17A82F792D5A889B00375A87 /* Resources */ = {
			isa = PBXResourcesBuildPhase;
			buildActionMask = 2147483647;
			files = (
			);
			runOnlyForDeploymentPostprocessing = 0;
		};
/* End PBXResourcesBuildPhase section */

/* Begin PBXSourcesBuildPhase section */
		17A82F5D2D5A889900375A87 /* Sources */ = {
			isa = PBXSourcesBuildPhase;
			buildActionMask = 2147483647;
			files = (
				17DCA09C2D5B4D8D00834B6B /* SignUpView.swift in Sources */,
				17255D292D5B817C004ED870 /* ProfileView.swift in Sources */,
				17DCA09A2D5B425D00834B6B /* CapsuleButtonStyle.swift in Sources */,
				17A82F9A2D5A999800375A87 /* LoginView.swift in Sources */,
				17255D252D5B6673004ED870 /* AuthViewModel.swift in Sources */,
				17255D272D5B6690004ED870 /* User.swift in Sources */,
				17A141942D5A9EE80074DAE5 /* InputView.swift in Sources */,
				17A82F672D5A889900375A87 /* ContentView.swift in Sources */,
				17A82F652D5A889900375A87 /* FirebaseAuthAppApp.swift in Sources */,
			);
			runOnlyForDeploymentPostprocessing = 0;
		};
		17A82F6D2D5A889B00375A87 /* Sources */ = {
			isa = PBXSourcesBuildPhase;
			buildActionMask = 2147483647;
			files = (
				17A82F762D5A889B00375A87 /* FirebaseAuthAppTests.swift in Sources */,
			);
			runOnlyForDeploymentPostprocessing = 0;
		};
		17A82F772D5A889B00375A87 /* Sources */ = {
			isa = PBXSourcesBuildPhase;
			buildActionMask = 2147483647;
			files = (
				17A82F802D5A889B00375A87 /* FirebaseAuthAppUITests.swift in Sources */,
				17A82F822D5A889B00375A87 /* FirebaseAuthAppUITestsLaunchTests.swift in Sources */,
			);
			runOnlyForDeploymentPostprocessing = 0;
		};
/* End PBXSourcesBuildPhase section */

/* Begin PBXTargetDependency section */
		17A82F732D5A889B00375A87 /* PBXTargetDependency */ = {
			isa = PBXTargetDependency;
			target = 17A82F602D5A889900375A87 /* FirebaseAuthApp */;
			targetProxy = 17A82F722D5A889B00375A87 /* PBXContainerItemProxy */;
		};
		17A82F7D2D5A889B00375A87 /* PBXTargetDependency */ = {
			isa = PBXTargetDependency;
			target = 17A82F602D5A889900375A87 /* FirebaseAuthApp */;
			targetProxy = 17A82F7C2D5A889B00375A87 /* PBXContainerItemProxy */;
		};
/* End PBXTargetDependency section */

/* Begin XCBuildConfiguration section */
		17A82F832D5A889B00375A87 /* Debug */ = {
			isa = XCBuildConfiguration;
			buildSettings = {
				ALWAYS_SEARCH_USER_PATHS = NO;
				ASSETCATALOG_COMPILER_GENERATE_SWIFT_ASSET_SYMBOL_EXTENSIONS = YES;
				CLANG_ANALYZER_NONNULL = YES;
				CLANG_ANALYZER_NUMBER_OBJECT_CONVERSION = YES_AGGRESSIVE;
				CLANG_CXX_LANGUAGE_STANDARD = "gnu++20";
				CLANG_ENABLE_MODULES = YES;
				CLANG_ENABLE_OBJC_ARC = YES;
				CLANG_ENABLE_OBJC_WEAK = YES;
				CLANG_WARN_BLOCK_CAPTURE_AUTORELEASING = YES;
				CLANG_WARN_BOOL_CONVERSION = YES;
				CLANG_WARN_COMMA = YES;
				CLANG_WARN_CONSTANT_CONVERSION = YES;
				CLANG_WARN_DEPRECATED_OBJC_IMPLEMENTATIONS = YES;
				CLANG_WARN_DIRECT_OBJC_ISA_USAGE = YES_ERROR;
				CLANG_WARN_DOCUMENTATION_COMMENTS = YES;
				CLANG_WARN_EMPTY_BODY = YES;
				CLANG_WARN_ENUM_CONVERSION = YES;
				CLANG_WARN_INFINITE_RECURSION = YES;
				CLANG_WARN_INT_CONVERSION = YES;
				CLANG_WARN_NON_LITERAL_NULL_CONVERSION = YES;
				CLANG_WARN_OBJC_IMPLICIT_RETAIN_SELF = YES;
				CLANG_WARN_OBJC_LITERAL_CONVERSION = YES;
				CLANG_WARN_OBJC_ROOT_CLASS = YES_ERROR;
				CLANG_WARN_QUOTED_INCLUDE_IN_FRAMEWORK_HEADER = YES;
				CLANG_WARN_RANGE_LOOP_ANALYSIS = YES;
				CLANG_WARN_STRICT_PROTOTYPES = YES;
				CLANG_WARN_SUSPICIOUS_MOVE = YES;
				CLANG_WARN_UNGUARDED_AVAILABILITY = YES_AGGRESSIVE;
				CLANG_WARN_UNREACHABLE_CODE = YES;
				CLANG_WARN__DUPLICATE_METHOD_MATCH = YES;
				COPY_PHASE_STRIP = NO;
				DEBUG_INFORMATION_FORMAT = dwarf;
				ENABLE_STRICT_OBJC_MSGSEND = YES;
				ENABLE_TESTABILITY = YES;
				ENABLE_USER_SCRIPT_SANDBOXING = YES;
				GCC_C_LANGUAGE_STANDARD = gnu17;
				GCC_DYNAMIC_NO_PIC = NO;
				GCC_NO_COMMON_BLOCKS = YES;
				GCC_OPTIMIZATION_LEVEL = 0;
				GCC_PREPROCESSOR_DEFINITIONS = (
					"DEBUG=1",
					"$(inherited)",
				);
				GCC_WARN_64_TO_32_BIT_CONVERSION = YES;
				GCC_WARN_ABOUT_RETURN_TYPE = YES_ERROR;
				GCC_WARN_UNDECLARED_SELECTOR = YES;
				GCC_WARN_UNINITIALIZED_AUTOS = YES_AGGRESSIVE;
				GCC_WARN_UNUSED_FUNCTION = YES;
				GCC_WARN_UNUSED_VARIABLE = YES;
				IPHONEOS_DEPLOYMENT_TARGET = 17.2;
				LOCALIZATION_PREFERS_STRING_CATALOGS = YES;
				MTL_ENABLE_DEBUG_INFO = INCLUDE_SOURCE;
				MTL_FAST_MATH = YES;
				ONLY_ACTIVE_ARCH = YES;
				SDKROOT = iphoneos;
				SWIFT_ACTIVE_COMPILATION_CONDITIONS = "DEBUG $(inherited)";
				SWIFT_OPTIMIZATION_LEVEL = "-Onone";
			};
			name = Debug;
		};
		17A82F842D5A889B00375A87 /* Release */ = {
			isa = XCBuildConfiguration;
			buildSettings = {
				ALWAYS_SEARCH_USER_PATHS = NO;
				ASSETCATALOG_COMPILER_GENERATE_SWIFT_ASSET_SYMBOL_EXTENSIONS = YES;
				CLANG_ANALYZER_NONNULL = YES;
				CLANG_ANALYZER_NUMBER_OBJECT_CONVERSION = YES_AGGRESSIVE;
				CLANG_CXX_LANGUAGE_STANDARD = "gnu++20";
				CLANG_ENABLE_MODULES = YES;
				CLANG_ENABLE_OBJC_ARC = YES;
				CLANG_ENABLE_OBJC_WEAK = YES;
				CLANG_WARN_BLOCK_CAPTURE_AUTORELEASING = YES;
				CLANG_WARN_BOOL_CONVERSION = YES;
				CLANG_WARN_COMMA = YES;
				CLANG_WARN_CONSTANT_CONVERSION = YES;
				CLANG_WARN_DEPRECATED_OBJC_IMPLEMENTATIONS = YES;
				CLANG_WARN_DIRECT_OBJC_ISA_USAGE = YES_ERROR;
				CLANG_WARN_DOCUMENTATION_COMMENTS = YES;
				CLANG_WARN_EMPTY_BODY = YES;
				CLANG_WARN_ENUM_CONVERSION = YES;
				CLANG_WARN_INFINITE_RECURSION = YES;
				CLANG_WARN_INT_CONVERSION = YES;
				CLANG_WARN_NON_LITERAL_NULL_CONVERSION = YES;
				CLANG_WARN_OBJC_IMPLICIT_RETAIN_SELF = YES;
				CLANG_WARN_OBJC_LITERAL_CONVERSION = YES;
				CLANG_WARN_OBJC_ROOT_CLASS = YES_ERROR;
				CLANG_WARN_QUOTED_INCLUDE_IN_FRAMEWORK_HEADER = YES;
				CLANG_WARN_RANGE_LOOP_ANALYSIS = YES;
				CLANG_WARN_STRICT_PROTOTYPES = YES;
				CLANG_WARN_SUSPICIOUS_MOVE = YES;
				CLANG_WARN_UNGUARDED_AVAILABILITY = YES_AGGRESSIVE;
				CLANG_WARN_UNREACHABLE_CODE = YES;
				CLANG_WARN__DUPLICATE_METHOD_MATCH = YES;
				COPY_PHASE_STRIP = NO;
				DEBUG_INFORMATION_FORMAT = "dwarf-with-dsym";
				ENABLE_NS_ASSERTIONS = NO;
				ENABLE_STRICT_OBJC_MSGSEND = YES;
				ENABLE_USER_SCRIPT_SANDBOXING = YES;
				GCC_C_LANGUAGE_STANDARD = gnu17;
				GCC_NO_COMMON_BLOCKS = YES;
				GCC_WARN_64_TO_32_BIT_CONVERSION = YES;
				GCC_WARN_ABOUT_RETURN_TYPE = YES_ERROR;
				GCC_WARN_UNDECLARED_SELECTOR = YES;
				GCC_WARN_UNINITIALIZED_AUTOS = YES_AGGRESSIVE;
				GCC_WARN_UNUSED_FUNCTION = YES;
				GCC_WARN_UNUSED_VARIABLE = YES;
				IPHONEOS_DEPLOYMENT_TARGET = 17.2;
				LOCALIZATION_PREFERS_STRING_CATALOGS = YES;
				MTL_ENABLE_DEBUG_INFO = NO;
				MTL_FAST_MATH = YES;
				SDKROOT = iphoneos;
				SWIFT_COMPILATION_MODE = wholemodule;
				VALIDATE_PRODUCT = YES;
			};
			name = Release;
		};
		17A82F862D5A889B00375A87 /* Debug */ = {
			isa = XCBuildConfiguration;
			buildSettings = {
				ASSETCATALOG_COMPILER_APPICON_NAME = AppIcon;
				ASSETCATALOG_COMPILER_GLOBAL_ACCENT_COLOR_NAME = AccentColor;
				CODE_SIGN_STYLE = Automatic;
				CURRENT_PROJECT_VERSION = 1;
				DEVELOPMENT_ASSET_PATHS = "\"FirebaseAuthApp/Preview Content\"";
				DEVELOPMENT_TEAM = X3QT578937;
				ENABLE_PREVIEWS = YES;
				GENERATE_INFOPLIST_FILE = YES;
				INFOPLIST_KEY_UIApplicationSceneManifest_Generation = YES;
				INFOPLIST_KEY_UIApplicationSupportsIndirectInputEvents = YES;
				INFOPLIST_KEY_UILaunchScreen_Generation = YES;
				INFOPLIST_KEY_UISupportedInterfaceOrientations_iPad = "UIInterfaceOrientationPortrait UIInterfaceOrientationPortraitUpsideDown UIInterfaceOrientationLandscapeLeft UIInterfaceOrientationLandscapeRight";
				INFOPLIST_KEY_UISupportedInterfaceOrientations_iPhone = "UIInterfaceOrientationPortrait UIInterfaceOrientationLandscapeLeft UIInterfaceOrientationLandscapeRight";
				LD_RUNPATH_SEARCH_PATHS = (
					"$(inherited)",
					"@executable_path/Frameworks",
				);
				MARKETING_VERSION = 1.0;
				PRODUCT_BUNDLE_IDENTIFIER = com.chandan.FirebaseAuthApp;
				PRODUCT_NAME = "$(TARGET_NAME)";
				SWIFT_EMIT_LOC_STRINGS = YES;
				SWIFT_VERSION = 5.0;
				TARGETED_DEVICE_FAMILY = "1,2";
			};
			name = Debug;
		};
		17A82F872D5A889B00375A87 /* Release */ = {
			isa = XCBuildConfiguration;
			buildSettings = {
				ASSETCATALOG_COMPILER_APPICON_NAME = AppIcon;
				ASSETCATALOG_COMPILER_GLOBAL_ACCENT_COLOR_NAME = AccentColor;
				CODE_SIGN_STYLE = Automatic;
				CURRENT_PROJECT_VERSION = 1;
				DEVELOPMENT_ASSET_PATHS = "\"FirebaseAuthApp/Preview Content\"";
				DEVELOPMENT_TEAM = X3QT578937;
				ENABLE_PREVIEWS = YES;
				GENERATE_INFOPLIST_FILE = YES;
				INFOPLIST_KEY_UIApplicationSceneManifest_Generation = YES;
				INFOPLIST_KEY_UIApplicationSupportsIndirectInputEvents = YES;
				INFOPLIST_KEY_UILaunchScreen_Generation = YES;
				INFOPLIST_KEY_UISupportedInterfaceOrientations_iPad = "UIInterfaceOrientationPortrait UIInterfaceOrientationPortraitUpsideDown UIInterfaceOrientationLandscapeLeft UIInterfaceOrientationLandscapeRight";
				INFOPLIST_KEY_UISupportedInterfaceOrientations_iPhone = "UIInterfaceOrientationPortrait UIInterfaceOrientationLandscapeLeft UIInterfaceOrientationLandscapeRight";
				LD_RUNPATH_SEARCH_PATHS = (
					"$(inherited)",
					"@executable_path/Frameworks",
				);
				MARKETING_VERSION = 1.0;
				PRODUCT_BUNDLE_IDENTIFIER = com.chandan.FirebaseAuthApp;
				PRODUCT_NAME = "$(TARGET_NAME)";
				SWIFT_EMIT_LOC_STRINGS = YES;
				SWIFT_VERSION = 5.0;
				TARGETED_DEVICE_FAMILY = "1,2";
			};
			name = Release;
		};
		17A82F892D5A889B00375A87 /* Debug */ = {
			isa = XCBuildConfiguration;
			buildSettings = {
				ALWAYS_EMBED_SWIFT_STANDARD_LIBRARIES = YES;
				BUNDLE_LOADER = "$(TEST_HOST)";
				CODE_SIGN_STYLE = Automatic;
				CURRENT_PROJECT_VERSION = 1;
				DEVELOPMENT_TEAM = X3QT578937;
				GENERATE_INFOPLIST_FILE = YES;
				IPHONEOS_DEPLOYMENT_TARGET = 17.2;
				MARKETING_VERSION = 1.0;
				PRODUCT_BUNDLE_IDENTIFIER = com.chandan.FirebaseAuthAppTests;
				PRODUCT_NAME = "$(TARGET_NAME)";
				SWIFT_EMIT_LOC_STRINGS = NO;
				SWIFT_VERSION = 5.0;
				TARGETED_DEVICE_FAMILY = "1,2";
				TEST_HOST = "$(BUILT_PRODUCTS_DIR)/FirebaseAuthApp.app/$(BUNDLE_EXECUTABLE_FOLDER_PATH)/FirebaseAuthApp";
			};
			name = Debug;
		};
		17A82F8A2D5A889B00375A87 /* Release */ = {
			isa = XCBuildConfiguration;
			buildSettings = {
				ALWAYS_EMBED_SWIFT_STANDARD_LIBRARIES = YES;
				BUNDLE_LOADER = "$(TEST_HOST)";
				CODE_SIGN_STYLE = Automatic;
				CURRENT_PROJECT_VERSION = 1;
				DEVELOPMENT_TEAM = X3QT578937;
				GENERATE_INFOPLIST_FILE = YES;
				IPHONEOS_DEPLOYMENT_TARGET = 17.2;
				MARKETING_VERSION = 1.0;
				PRODUCT_BUNDLE_IDENTIFIER = com.chandan.FirebaseAuthAppTests;
				PRODUCT_NAME = "$(TARGET_NAME)";
				SWIFT_EMIT_LOC_STRINGS = NO;
				SWIFT_VERSION = 5.0;
				TARGETED_DEVICE_FAMILY = "1,2";
				TEST_HOST = "$(BUILT_PRODUCTS_DIR)/FirebaseAuthApp.app/$(BUNDLE_EXECUTABLE_FOLDER_PATH)/FirebaseAuthApp";
			};
			name = Release;
		};
		17A82F8C2D5A889B00375A87 /* Debug */ = {
			isa = XCBuildConfiguration;
			buildSettings = {
				ALWAYS_EMBED_SWIFT_STANDARD_LIBRARIES = YES;
				CODE_SIGN_STYLE = Automatic;
				CURRENT_PROJECT_VERSION = 1;
				DEVELOPMENT_TEAM = X3QT578937;
				GENERATE_INFOPLIST_FILE = YES;
				MARKETING_VERSION = 1.0;
				PRODUCT_BUNDLE_IDENTIFIER = com.chandan.FirebaseAuthAppUITests;
				PRODUCT_NAME = "$(TARGET_NAME)";
				SWIFT_EMIT_LOC_STRINGS = NO;
				SWIFT_VERSION = 5.0;
				TARGETED_DEVICE_FAMILY = "1,2";
				TEST_TARGET_NAME = FirebaseAuthApp;
			};
			name = Debug;
		};
		17A82F8D2D5A889B00375A87 /* Release */ = {
			isa = XCBuildConfiguration;
			buildSettings = {
				ALWAYS_EMBED_SWIFT_STANDARD_LIBRARIES = YES;
				CODE_SIGN_STYLE = Automatic;
				CURRENT_PROJECT_VERSION = 1;
				DEVELOPMENT_TEAM = X3QT578937;
				GENERATE_INFOPLIST_FILE = YES;
				MARKETING_VERSION = 1.0;
				PRODUCT_BUNDLE_IDENTIFIER = com.chandan.FirebaseAuthAppUITests;
				PRODUCT_NAME = "$(TARGET_NAME)";
				SWIFT_EMIT_LOC_STRINGS = NO;
				SWIFT_VERSION = 5.0;
				TARGETED_DEVICE_FAMILY = "1,2";
				TEST_TARGET_NAME = FirebaseAuthApp;
			};
			name = Release;
		};
/* End XCBuildConfiguration section */

/* Begin XCConfigurationList section */
		17A82F5C2D5A889900375A87 /* Build configuration list for PBXProject "FirebaseAuthApp" */ = {
			isa = XCConfigurationList;
			buildConfigurations = (
				17A82F832D5A889B00375A87 /* Debug */,
				17A82F842D5A889B00375A87 /* Release */,
			);
			defaultConfigurationIsVisible = 0;
			defaultConfigurationName = Release;
		};
		17A82F852D5A889B00375A87 /* Build configuration list for PBXNativeTarget "FirebaseAuthApp" */ = {
			isa = XCConfigurationList;
			buildConfigurations = (
				17A82F862D5A889B00375A87 /* Debug */,
				17A82F872D5A889B00375A87 /* Release */,
			);
			defaultConfigurationIsVisible = 0;
			defaultConfigurationName = Release;
		};
		17A82F882D5A889B00375A87 /* Build configuration list for PBXNativeTarget "FirebaseAuthAppTests" */ = {
			isa = XCConfigurationList;
			buildConfigurations = (
				17A82F892D5A889B00375A87 /* Debug */,
				17A82F8A2D5A889B00375A87 /* Release */,
			);
			defaultConfigurationIsVisible = 0;
			defaultConfigurationName = Release;
		};
		17A82F8B2D5A889B00375A87 /* Build configuration list for PBXNativeTarget "FirebaseAuthAppUITests" */ = {
			isa = XCConfigurationList;
			buildConfigurations = (
				17A82F8C2D5A889B00375A87 /* Debug */,
				17A82F8D2D5A889B00375A87 /* Release */,
			);
			defaultConfigurationIsVisible = 0;
			defaultConfigurationName = Release;
		};
/* End XCConfigurationList section */

/* Begin XCRemoteSwiftPackageReference section */
		17255D1D2D5B6446004ED870 /* XCRemoteSwiftPackageReference "firebase-ios-sdk" */ = {
			isa = XCRemoteSwiftPackageReference;
			repositoryURL = "https://github.com/firebase/firebase-ios-sdk";
			requirement = {
				kind = upToNextMajorVersion;
				minimumVersion = 11.8.1;
			};
		};
/* End XCRemoteSwiftPackageReference section */

/* Begin XCSwiftPackageProductDependency section */
		17255D1E2D5B6446004ED870 /* FirebaseAuth */ = {
			isa = XCSwiftPackageProductDependency;
			package = 17255D1D2D5B6446004ED870 /* XCRemoteSwiftPackageReference "firebase-ios-sdk" */;
			productName = FirebaseAuth;
		};
		17255D202D5B6446004ED870 /* FirebaseFirestore */ = {
			isa = XCSwiftPackageProductDependency;
			package = 17255D1D2D5B6446004ED870 /* XCRemoteSwiftPackageReference "firebase-ios-sdk" */;
			productName = FirebaseFirestore;
		};
		17255D222D5B6446004ED870 /* FirebaseStorage */ = {
			isa = XCSwiftPackageProductDependency;
			package = 17255D1D2D5B6446004ED870 /* XCRemoteSwiftPackageReference "firebase-ios-sdk" */;
			productName = FirebaseStorage;
		};
/* End XCSwiftPackageProductDependency section */
	};
	rootObject = 17A82F592D5A889900375A87 /* Project object */;
}
